
Microsoft Visual Studio Solution File, Format Version 12.00
# Visual Studio 15
VisualStudioVersion = 15.0.28010.2041
MinimumVisualStudioVersion = 10.0.40219.1
Project("{FAE04EC0-301F-11D3-BF4B-00C04F79EFBC}") = "OTOMASYON2", "OTOMASYON2\OTOMASYON2.csproj", "{1ECD3543-BCDD-464B-BB1A-148916BEA588}"
EndProject
Global
	GlobalSection(SolutionConfigurationPlatforms) = preSolution
		Debug|Any CPU = Debug|Any CPU
		Release|Any CPU = Release|Any CPU
	EndGlobalSection
	GlobalSection(ProjectConfigurationPlatforms) = postSolution
		{1ECD3543-BCDD-464B-BB1A-148916BEA588}.Debug|Any CPU.ActiveCfg = Debug|Any CPU
		{1ECD3543-BCDD-464B-BB1A-148916BEA588}.Debug|Any CPU.Build.0 = Debug|Any CPU
		{1ECD3543-BCDD-464B-BB1A-148916BEA588}.Release|Any CPU.ActiveCfg = Release|Any CPU
		{1ECD3543-BCDD-464B-BB1A-148916BEA588}.Release|Any CPU.Build.0 = Release|Any CPU
	EndGlobalSection
	GlobalSection(SolutionProperties) = preSolution
		HideSolutionNode = FALSE
	EndGlobalSection
	GlobalSection(ExtensibilityGlobals) = postSolution
		SolutionGuid = {EE47D0EF-D81D-42D0-A637-E7A8EAD4CA57}
	EndGlobalSection
EndGlobal
